<?xml version="1.0" encoding="utf-8"?>
<Project ToolsVersion="4.0" xmlns="http://schemas.microsoft.com/developer/msbuild/2003">
  <ItemGroup>
    <Filter Include="Файлы исходного кода">
      <UniqueIdentifier>{4FC737F1-C7A5-4376-A066-2A32D752A2FF}</UniqueIdentifier>
      <Extensions>cpp;c;cc;cxx;def;odl;idl;hpj;bat;asm;asmx</Extensions>
    </Filter>
    <Filter Include="Заголовочные файлы">
      <UniqueIdentifier>{93995380-89BD-4b04-88EB-625FBE52EBFB}</UniqueIdentifier>
      <Extensions>h;hh;hpp;hxx;hm;inl;inc;xsd</Extensions>
    </Filter>
    <Filter Include="Файлы ресурсов">
      <UniqueIdentifier>{67DA6AB6-F800-4c08-8B7A-83BB121AAD01}</UniqueIdentifier>
      <Extensions>rc;ico;cur;bmp;dlg;rc2;rct;bin;rgs;gif;jpg;jpeg;jpe;resx;tiff;tif;png;wav;mfcribbon-ms</Extensions>
    </Filter>
    <Filter Include="Файлы исходного кода\boost_multiprecision">
      <UniqueIdentifier>{a9729469-84c7-4c2b-8ba3-c8ac83cf99c0}</UniqueIdentifier>
    </Filter>
    <Filter Include="Файлы исходного кода\boost_multiprecision\concepts">
      <UniqueIdentifier>{8d8c7098-f6c7-4cbe-a86f-ca3f3a4396f2}</UniqueIdentifier>
    </Filter>
    <Filter Include="Файлы исходного кода\boost_multiprecision\cpp_bin_float">
      <UniqueIdentifier>{68719663-6f50-492e-92a8-ee0ea8eba71d}</UniqueIdentifier>
    </Filter>
    <Filter Include="Файлы исходного кода\boost_multiprecision\cpp_int">
      <UniqueIdentifier>{e73cfcf6-1be6-4fa3-9b15-19e06793f742}</UniqueIdentifier>
    </Filter>
    <Filter Include="Файлы исходного кода\boost_multiprecision\detail">
      <UniqueIdentifier>{5f702370-c8fa-489c-a96e-1592b88b2c1a}</UniqueIdentifier>
    </Filter>
    <Filter Include="Файлы исходного кода\boost_multiprecision\detail\functions">
      <UniqueIdentifier>{53bec70b-65c8-4c7d-9754-a269ec0f9cf8}</UniqueIdentifier>
    </Filter>
    <Filter Include="Файлы исходного кода\boost_multiprecision\traits">
      <UniqueIdentifier>{10c44cbb-2e3a-4186-af86-3c00bc4f7d3f}</UniqueIdentifier>
    </Filter>
  </ItemGroup>
  <ItemGroup>
    <ClCompile Include="src\matrix_helper.cpp">
      <Filter>Файлы исходного кода</Filter>
    </ClCompile>
    <ClCompile Include="FDSFInteger.cpp">
      <Filter>Файлы исходного кода</Filter>
    </ClCompile>
  </ItemGroup>
  <ItemGroup>
    <ClInclude Include="src\matrix_helper.h">
      <Filter>Заголовочные файлы</Filter>
    </ClInclude>
    <ClInclude Include="FDSFInteger.h">
      <Filter>Заголовочные файлы</Filter>
    </ClInclude>
    <ClInclude Include="..\..\boost_1_60_0\boost\multiprecision\cpp_bin_float.hpp">
      <Filter>Файлы исходного кода\boost_multiprecision</Filter>
    </ClInclude>
    <ClInclude Include="..\..\boost_1_60_0\boost\multiprecision\cpp_dec_float.hpp">
      <Filter>Файлы исходного кода\boost_multiprecision</Filter>
    </ClInclude>
    <ClInclude Include="..\..\boost_1_60_0\boost\multiprecision\cpp_int.hpp">
      <Filter>Файлы исходного кода\boost_multiprecision</Filter>
    </ClInclude>
    <ClInclude Include="..\..\boost_1_60_0\boost\multiprecision\debug_adaptor.hpp">
      <Filter>Файлы исходного кода\boost_multiprecision</Filter>
    </ClInclude>
    <ClInclude Include="..\..\boost_1_60_0\boost\multiprecision\float128.hpp">
      <Filter>Файлы исходного кода\boost_multiprecision</Filter>
    </ClInclude>
    <ClInclude Include="..\..\boost_1_60_0\boost\multiprecision\gmp.hpp">
      <Filter>Файлы исходного кода\boost_multiprecision</Filter>
    </ClInclude>
    <ClInclude Include="..\..\boost_1_60_0\boost\multiprecision\integer.hpp">
      <Filter>Файлы исходного кода\boost_multiprecision</Filter>
    </ClInclude>
    <ClInclude Include="..\..\boost_1_60_0\boost\multiprecision\logged_adaptor.hpp">
      <Filter>Файлы исходного кода\boost_multiprecision</Filter>
    </ClInclude>
    <ClInclude Include="..\..\boost_1_60_0\boost\multiprecision\miller_rabin.hpp">
      <Filter>Файлы исходного кода\boost_multiprecision</Filter>
    </ClInclude>
    <ClInclude Include="..\..\boost_1_60_0\boost\multiprecision\mpfi.hpp">
      <Filter>Файлы исходного кода\boost_multiprecision</Filter>
    </ClInclude>
    <ClInclude Include="..\..\boost_1_60_0\boost\multiprecision\mpfr.hpp">
      <Filter>Файлы исходного кода\boost_multiprecision</Filter>
    </ClInclude>
    <ClInclude Include="..\..\boost_1_60_0\boost\multiprecision\number.hpp">
      <Filter>Файлы исходного кода\boost_multiprecision</Filter>
    </ClInclude>
    <ClInclude Include="..\..\boost_1_60_0\boost\multiprecision\random.hpp">
      <Filter>Файлы исходного кода\boost_multiprecision</Filter>
    </ClInclude>
    <ClInclude Include="..\..\boost_1_60_0\boost\multiprecision\rational_adaptor.hpp">
      <Filter>Файлы исходного кода\boost_multiprecision</Filter>
    </ClInclude>
    <ClInclude Include="..\..\boost_1_60_0\boost\multiprecision\tommath.hpp">
      <Filter>Файлы исходного кода\boost_multiprecision</Filter>
    </ClInclude>
    <ClInclude Include="..\..\boost_1_60_0\boost\multiprecision\concepts\mp_number_archetypes.hpp">
      <Filter>Файлы исходного кода\boost_multiprecision\concepts</Filter>
    </ClInclude>
    <ClInclude Include="..\..\boost_1_60_0\boost\multiprecision\cpp_bin_float\io.hpp">
      <Filter>Файлы исходного кода\boost_multiprecision\cpp_bin_float</Filter>
    </ClInclude>
    <ClInclude Include="..\..\boost_1_60_0\boost\multiprecision\cpp_bin_float\transcendental.hpp">
      <Filter>Файлы исходного кода\boost_multiprecision\cpp_bin_float</Filter>
    </ClInclude>
    <ClInclude Include="..\..\boost_1_60_0\boost\multiprecision\cpp_int\add.hpp">
      <Filter>Файлы исходного кода\boost_multiprecision\cpp_int</Filter>
    </ClInclude>
    <ClInclude Include="..\..\boost_1_60_0\boost\multiprecision\cpp_int\bitwise.hpp">
      <Filter>Файлы исходного кода\boost_multiprecision\cpp_int</Filter>
    </ClInclude>
    <ClInclude Include="..\..\boost_1_60_0\boost\multiprecision\cpp_int\checked.hpp">
      <Filter>Файлы исходного кода\boost_multiprecision\cpp_int</Filter>
    </ClInclude>
    <ClInclude Include="..\..\boost_1_60_0\boost\multiprecision\cpp_int\comparison.hpp">
      <Filter>Файлы исходного кода\boost_multiprecision\cpp_int</Filter>
    </ClInclude>
    <ClInclude Include="..\..\boost_1_60_0\boost\multiprecision\cpp_int\cpp_int_config.hpp">
      <Filter>Файлы исходного кода\boost_multiprecision\cpp_int</Filter>
    </ClInclude>
    <ClInclude Include="..\..\boost_1_60_0\boost\multiprecision\cpp_int\divide.hpp">
      <Filter>Файлы исходного кода\boost_multiprecision\cpp_int</Filter>
    </ClInclude>
    <ClInclude Include="..\..\boost_1_60_0\boost\multiprecision\cpp_int\import_export.hpp">
      <Filter>Файлы исходного кода\boost_multiprecision\cpp_int</Filter>
    </ClInclude>
    <ClInclude Include="..\..\boost_1_60_0\boost\multiprecision\cpp_int\limits.hpp">
      <Filter>Файлы исходного кода\boost_multiprecision\cpp_int</Filter>
    </ClInclude>
    <ClInclude Include="..\..\boost_1_60_0\boost\multiprecision\cpp_int\literals.hpp">
      <Filter>Файлы исходного кода\boost_multiprecision\cpp_int</Filter>
    </ClInclude>
    <ClInclude Include="..\..\boost_1_60_0\boost\multiprecision\cpp_int\misc.hpp">
      <Filter>Файлы исходного кода\boost_multiprecision\cpp_int</Filter>
    </ClInclude>
    <ClInclude Include="..\..\boost_1_60_0\boost\multiprecision\cpp_int\multiply.hpp">
      <Filter>Файлы исходного кода\boost_multiprecision\cpp_int</Filter>
    </ClInclude>
    <ClInclude Include="..\..\boost_1_60_0\boost\multiprecision\cpp_int\serialize.hpp">
      <Filter>Файлы исходного кода\boost_multiprecision\cpp_int</Filter>
    </ClInclude>
    <ClInclude Include="..\..\boost_1_60_0\boost\multiprecision\cpp_int\value_pack.hpp">
      <Filter>Файлы исходного кода\boost_multiprecision\cpp_int</Filter>
    </ClInclude>
    <ClInclude Include="..\..\boost_1_60_0\boost\multiprecision\detail\big_lanczos.hpp">
      <Filter>Файлы исходного кода\boost_multiprecision\detail</Filter>
    </ClInclude>
    <ClInclude Include="..\..\boost_1_60_0\boost\multiprecision\detail\bitscan.hpp">
      <Filter>Файлы исходного кода\boost_multiprecision\detail</Filter>
    </ClInclude>
    <ClInclude Include="..\..\boost_1_60_0\boost\multiprecision\detail\default_ops.hpp">
      <Filter>Файлы исходного кода\boost_multiprecision\detail</Filter>
    </ClInclude>
    <ClInclude Include="..\..\boost_1_60_0\boost\multiprecision\detail\digits.hpp">
      <Filter>Файлы исходного кода\boost_multiprecision\detail</Filter>
    </ClInclude>
    <ClInclude Include="..\..\boost_1_60_0\boost\multiprecision\detail\dynamic_array.hpp">
      <Filter>Файлы исходного кода\boost_multiprecision\detail</Filter>
    </ClInclude>
    <ClInclude Include="..\..\boost_1_60_0\boost\multiprecision\detail\et_ops.hpp">
      <Filter>Файлы исходного кода\boost_multiprecision\detail</Filter>
    </ClInclude>
    <ClInclude Include="..\..\boost_1_60_0\boost\multiprecision\detail\float_string_cvt.hpp">
      <Filter>Файлы исходного кода\boost_multiprecision\detail</Filter>
    </ClInclude>
    <ClInclude Include="..\..\boost_1_60_0\boost\multiprecision\detail\generic_interconvert.hpp">
      <Filter>Файлы исходного кода\boost_multiprecision\detail</Filter>
    </ClInclude>
    <ClInclude Include="..\..\boost_1_60_0\boost\multiprecision\detail\integer_ops.hpp">
      <Filter>Файлы исходного кода\boost_multiprecision\detail</Filter>
    </ClInclude>
    <ClInclude Include="..\..\boost_1_60_0\boost\multiprecision\detail\no_et_ops.hpp">
      <Filter>Файлы исходного кода\boost_multiprecision\detail</Filter>
    </ClInclude>
    <ClInclude Include="..\..\boost_1_60_0\boost\multiprecision\detail\number_base.hpp">
      <Filter>Файлы исходного кода\boost_multiprecision\detail</Filter>
    </ClInclude>
    <ClInclude Include="..\..\boost_1_60_0\boost\multiprecision\detail\number_compare.hpp">
      <Filter>Файлы исходного кода\boost_multiprecision\detail</Filter>
    </ClInclude>
    <ClInclude Include="..\..\boost_1_60_0\boost\multiprecision\detail\rebind.hpp">
      <Filter>Файлы исходного кода\boost_multiprecision\detail</Filter>
    </ClInclude>
    <ClInclude Include="..\..\boost_1_60_0\boost\multiprecision\detail\ublas_interop.hpp">
      <Filter>Файлы исходного кода\boost_multiprecision\detail</Filter>
    </ClInclude>
    <ClInclude Include="..\..\boost_1_60_0\boost\multiprecision\detail\utype_helper.hpp">
      <Filter>Файлы исходного кода\boost_multiprecision\detail</Filter>
    </ClInclude>
    <ClInclude Include="..\..\boost_1_60_0\boost\multiprecision\detail\functions\constants.hpp">
      <Filter>Файлы исходного кода\boost_multiprecision\detail\functions</Filter>
    </ClInclude>
    <ClInclude Include="..\..\boost_1_60_0\boost\multiprecision\detail\functions\pow.hpp">
      <Filter>Файлы исходного кода\boost_multiprecision\detail\functions</Filter>
    </ClInclude>
    <ClInclude Include="..\..\boost_1_60_0\boost\multiprecision\detail\functions\trig.hpp">
      <Filter>Файлы исходного кода\boost_multiprecision\detail\functions</Filter>
    </ClInclude>
    <ClInclude Include="..\..\boost_1_60_0\boost\multiprecision\traits\explicit_conversion.hpp">
      <Filter>Файлы исходного кода\boost_multiprecision\traits</Filter>
    </ClInclude>
    <ClInclude Include="..\..\boost_1_60_0\boost\multiprecision\traits\extract_exponent_type.hpp">
      <Filter>Файлы исходного кода\boost_multiprecision\traits</Filter>
    </ClInclude>
    <ClInclude Include="..\..\boost_1_60_0\boost\multiprecision\traits\is_backend.hpp">
      <Filter>Файлы исходного кода\boost_multiprecision\traits</Filter>
    </ClInclude>
    <ClInclude Include="..\..\boost_1_60_0\boost\multiprecision\traits\is_byte_container.hpp">
      <Filter>Файлы исходного кода\boost_multiprecision\traits</Filter>
    </ClInclude>
    <ClInclude Include="..\..\boost_1_60_0\boost\multiprecision\traits\is_restricted_conversion.hpp">
      <Filter>Файлы исходного кода\boost_multiprecision\traits</Filter>
    </ClInclude>
  </ItemGroup>
</Project>