
Microsoft Visual Studio Solution File, Format Version 12.00
# Visual Studio 14
VisualStudioVersion = 14.0.25420.1
MinimumVisualStudioVersion = 10.0.40219.1
Project("{8BC9CEB8-8B4A-11D0-8D11-00A0C91BC942}") = "fdsf", "fdsf\msvc14\fdsf.vcxproj", "{3F164CBD-907F-416F-BD02-7918C07B6410}"
EndProject
Project("{8BC9CEB8-8B4A-11D0-8D11-00A0C91BC942}") = "example-exp-conv", "exp-conv\msvc14\example-exp-conv.vcxproj", "{EC968F6D-4062-46DC-9052-A33A4D9712DA}"
	ProjectSection(ProjectDependencies) = postProject
		{02408958-C7B4-489A-BC56-4F789839178D} = {02408958-C7B4-489A-BC56-4F789839178D}
		{3F164CBD-907F-416F-BD02-7918C07B6410} = {3F164CBD-907F-416F-BD02-7918C07B6410}
		{EE62EFBF-0F5B-4CB7-8D1E-E942BE4A2D9A} = {EE62EFBF-0F5B-4CB7-8D1E-E942BE4A2D9A}
	EndProjectSection
EndProject
Project("{8BC9CEB8-8B4A-11D0-8D11-00A0C91BC942}") = "Utils", "Utils\msvc14\Utils.vcxproj", "{02408958-C7B4-489A-BC56-4F789839178D}"
EndProject
Project("{8BC9CEB8-8B4A-11D0-8D11-00A0C91BC942}") = "filesys", "filesys\msvc14\filesys.vcxproj", "{EE62EFBF-0F5B-4CB7-8D1E-E942BE4A2D9A}"
EndProject
Global
	GlobalSection(SolutionConfigurationPlatforms) = preSolution
		DEBUG_HIGH_PRECISION|x64 = DEBUG_HIGH_PRECISION|x64
		DEBUG_HIGH_PRECISION|x86 = DEBUG_HIGH_PRECISION|x86
		Debug|x64 = Debug|x64
		Debug|x86 = Debug|x86
		Release_HIGH_PRECISION|x64 = Release_HIGH_PRECISION|x64
		Release_HIGH_PRECISION|x86 = Release_HIGH_PRECISION|x86
		Release|x64 = Release|x64
		Release|x86 = Release|x86
	EndGlobalSection
	GlobalSection(ProjectConfigurationPlatforms) = postSolution
		{3F164CBD-907F-416F-BD02-7918C07B6410}.DEBUG_HIGH_PRECISION|x64.ActiveCfg = DEBUG_HIGH_PRECISION|x64
		{3F164CBD-907F-416F-BD02-7918C07B6410}.DEBUG_HIGH_PRECISION|x64.Build.0 = DEBUG_HIGH_PRECISION|x64
		{3F164CBD-907F-416F-BD02-7918C07B6410}.DEBUG_HIGH_PRECISION|x86.ActiveCfg = DEBUG_HIGH_PRECISION|Win32
		{3F164CBD-907F-416F-BD02-7918C07B6410}.DEBUG_HIGH_PRECISION|x86.Build.0 = DEBUG_HIGH_PRECISION|Win32
		{3F164CBD-907F-416F-BD02-7918C07B6410}.Debug|x64.ActiveCfg = Debug|x64
		{3F164CBD-907F-416F-BD02-7918C07B6410}.Debug|x64.Build.0 = Debug|x64
		{3F164CBD-907F-416F-BD02-7918C07B6410}.Debug|x86.ActiveCfg = Debug|Win32
		{3F164CBD-907F-416F-BD02-7918C07B6410}.Debug|x86.Build.0 = Debug|Win32
		{3F164CBD-907F-416F-BD02-7918C07B6410}.Release_HIGH_PRECISION|x64.ActiveCfg = Release_HIGH_PRECISION|x64
		{3F164CBD-907F-416F-BD02-7918C07B6410}.Release_HIGH_PRECISION|x64.Build.0 = Release_HIGH_PRECISION|x64
		{3F164CBD-907F-416F-BD02-7918C07B6410}.Release_HIGH_PRECISION|x86.ActiveCfg = Release_HIGH_PRECISION|Win32
		{3F164CBD-907F-416F-BD02-7918C07B6410}.Release_HIGH_PRECISION|x86.Build.0 = Release_HIGH_PRECISION|Win32
		{3F164CBD-907F-416F-BD02-7918C07B6410}.Release|x64.ActiveCfg = Release|x64
		{3F164CBD-907F-416F-BD02-7918C07B6410}.Release|x64.Build.0 = Release|x64
		{3F164CBD-907F-416F-BD02-7918C07B6410}.Release|x86.ActiveCfg = Release|Win32
		{3F164CBD-907F-416F-BD02-7918C07B6410}.Release|x86.Build.0 = Release|Win32
		{EC968F6D-4062-46DC-9052-A33A4D9712DA}.DEBUG_HIGH_PRECISION|x64.ActiveCfg = Debug|x64
		{EC968F6D-4062-46DC-9052-A33A4D9712DA}.DEBUG_HIGH_PRECISION|x64.Build.0 = Debug|x64
		{EC968F6D-4062-46DC-9052-A33A4D9712DA}.DEBUG_HIGH_PRECISION|x86.ActiveCfg = Debug|Win32
		{EC968F6D-4062-46DC-9052-A33A4D9712DA}.DEBUG_HIGH_PRECISION|x86.Build.0 = Debug|Win32
		{EC968F6D-4062-46DC-9052-A33A4D9712DA}.Debug|x64.ActiveCfg = Debug|x64
		{EC968F6D-4062-46DC-9052-A33A4D9712DA}.Debug|x64.Build.0 = Debug|x64
		{EC968F6D-4062-46DC-9052-A33A4D9712DA}.Debug|x86.ActiveCfg = Debug|Win32
		{EC968F6D-4062-46DC-9052-A33A4D9712DA}.Debug|x86.Build.0 = Debug|Win32
		{EC968F6D-4062-46DC-9052-A33A4D9712DA}.Release_HIGH_PRECISION|x64.ActiveCfg = Release|x64
		{EC968F6D-4062-46DC-9052-A33A4D9712DA}.Release_HIGH_PRECISION|x64.Build.0 = Release|x64
		{EC968F6D-4062-46DC-9052-A33A4D9712DA}.Release_HIGH_PRECISION|x86.ActiveCfg = Release|Win32
		{EC968F6D-4062-46DC-9052-A33A4D9712DA}.Release_HIGH_PRECISION|x86.Build.0 = Release|Win32
		{EC968F6D-4062-46DC-9052-A33A4D9712DA}.Release|x64.ActiveCfg = Release|x64
		{EC968F6D-4062-46DC-9052-A33A4D9712DA}.Release|x64.Build.0 = Release|x64
		{EC968F6D-4062-46DC-9052-A33A4D9712DA}.Release|x86.ActiveCfg = Release|Win32
		{EC968F6D-4062-46DC-9052-A33A4D9712DA}.Release|x86.Build.0 = Release|Win32
		{02408958-C7B4-489A-BC56-4F789839178D}.DEBUG_HIGH_PRECISION|x64.ActiveCfg = Debug|x64
		{02408958-C7B4-489A-BC56-4F789839178D}.DEBUG_HIGH_PRECISION|x64.Build.0 = Debug|x64
		{02408958-C7B4-489A-BC56-4F789839178D}.DEBUG_HIGH_PRECISION|x86.ActiveCfg = Debug|Win32
		{02408958-C7B4-489A-BC56-4F789839178D}.DEBUG_HIGH_PRECISION|x86.Build.0 = Debug|Win32
		{02408958-C7B4-489A-BC56-4F789839178D}.Debug|x64.ActiveCfg = Debug|x64
		{02408958-C7B4-489A-BC56-4F789839178D}.Debug|x64.Build.0 = Debug|x64
		{02408958-C7B4-489A-BC56-4F789839178D}.Debug|x86.ActiveCfg = Debug|Win32
		{02408958-C7B4-489A-BC56-4F789839178D}.Debug|x86.Build.0 = Debug|Win32
		{02408958-C7B4-489A-BC56-4F789839178D}.Release_HIGH_PRECISION|x64.ActiveCfg = Release|x64
		{02408958-C7B4-489A-BC56-4F789839178D}.Release_HIGH_PRECISION|x64.Build.0 = Release|x64
		{02408958-C7B4-489A-BC56-4F789839178D}.Release_HIGH_PRECISION|x86.ActiveCfg = Release|Win32
		{02408958-C7B4-489A-BC56-4F789839178D}.Release_HIGH_PRECISION|x86.Build.0 = Release|Win32
		{02408958-C7B4-489A-BC56-4F789839178D}.Release|x64.ActiveCfg = Release|x64
		{02408958-C7B4-489A-BC56-4F789839178D}.Release|x64.Build.0 = Release|x64
		{02408958-C7B4-489A-BC56-4F789839178D}.Release|x86.ActiveCfg = Release|Win32
		{02408958-C7B4-489A-BC56-4F789839178D}.Release|x86.Build.0 = Release|Win32
		{EE62EFBF-0F5B-4CB7-8D1E-E942BE4A2D9A}.DEBUG_HIGH_PRECISION|x64.ActiveCfg = Debug|x64
		{EE62EFBF-0F5B-4CB7-8D1E-E942BE4A2D9A}.DEBUG_HIGH_PRECISION|x64.Build.0 = Debug|x64
		{EE62EFBF-0F5B-4CB7-8D1E-E942BE4A2D9A}.DEBUG_HIGH_PRECISION|x86.ActiveCfg = Debug|Win32
		{EE62EFBF-0F5B-4CB7-8D1E-E942BE4A2D9A}.DEBUG_HIGH_PRECISION|x86.Build.0 = Debug|Win32
		{EE62EFBF-0F5B-4CB7-8D1E-E942BE4A2D9A}.Debug|x64.ActiveCfg = Debug|x64
		{EE62EFBF-0F5B-4CB7-8D1E-E942BE4A2D9A}.Debug|x64.Build.0 = Debug|x64
		{EE62EFBF-0F5B-4CB7-8D1E-E942BE4A2D9A}.Debug|x86.ActiveCfg = Debug|Win32
		{EE62EFBF-0F5B-4CB7-8D1E-E942BE4A2D9A}.Debug|x86.Build.0 = Debug|Win32
		{EE62EFBF-0F5B-4CB7-8D1E-E942BE4A2D9A}.Release_HIGH_PRECISION|x64.ActiveCfg = Release|x64
		{EE62EFBF-0F5B-4CB7-8D1E-E942BE4A2D9A}.Release_HIGH_PRECISION|x64.Build.0 = Release|x64
		{EE62EFBF-0F5B-4CB7-8D1E-E942BE4A2D9A}.Release_HIGH_PRECISION|x86.ActiveCfg = Release|Win32
		{EE62EFBF-0F5B-4CB7-8D1E-E942BE4A2D9A}.Release_HIGH_PRECISION|x86.Build.0 = Release|Win32
		{EE62EFBF-0F5B-4CB7-8D1E-E942BE4A2D9A}.Release|x64.ActiveCfg = Release|x64
		{EE62EFBF-0F5B-4CB7-8D1E-E942BE4A2D9A}.Release|x64.Build.0 = Release|x64
		{EE62EFBF-0F5B-4CB7-8D1E-E942BE4A2D9A}.Release|x86.ActiveCfg = Release|Win32
		{EE62EFBF-0F5B-4CB7-8D1E-E942BE4A2D9A}.Release|x86.Build.0 = Release|Win32
	EndGlobalSection
	GlobalSection(SolutionProperties) = preSolution
		HideSolutionNode = FALSE
	EndGlobalSection
EndGlobal
